// !$*UTF8*$!
{
	archiveVersion = 1;
	classes = {
	};
	objectVersion = 48;
	objects = {

/* Begin PBXBuildFile section */
		8CE35B161447C94149696AB4 /* Pods_Todoey.framework in Frameworks */ = {isa = PBXBuildFile; fileRef = 1D4C7923A7D60B735E5FDF8A /* Pods_Todoey.framework */; };
		DB50F02C21286DA100AC5D4D /* AppDelegate.swift in Sources */ = {isa = PBXBuildFile; fileRef = DB50F02B21286DA100AC5D4D /* AppDelegate.swift */; };
		DB50F02E21286DA100AC5D4D /* TodoListViewController.swift in Sources */ = {isa = PBXBuildFile; fileRef = DB50F02D21286DA100AC5D4D /* TodoListViewController.swift */; };
		DB50F03121286DA100AC5D4D /* Main.storyboard in Resources */ = {isa = PBXBuildFile; fileRef = DB50F02F21286DA100AC5D4D /* Main.storyboard */; };
		DB50F03321286DA100AC5D4D /* Assets.xcassets in Resources */ = {isa = PBXBuildFile; fileRef = DB50F03221286DA100AC5D4D /* Assets.xcassets */; };
		DB50F03621286DA100AC5D4D /* LaunchScreen.storyboard in Resources */ = {isa = PBXBuildFile; fileRef = DB50F03421286DA100AC5D4D /* LaunchScreen.storyboard */; };
		DB50F06E212A25E900AC5D4D /* CategoryViewController.swift in Sources */ = {isa = PBXBuildFile; fileRef = DB50F06D212A25E800AC5D4D /* CategoryViewController.swift */; };
		DB6A4D0E212F9A0F00323085 /* Item.swift in Sources */ = {isa = PBXBuildFile; fileRef = DB6A4D0D212F9A0F00323085 /* Item.swift */; };
		DB6A4D10212F9A1B00323085 /* Category.swift in Sources */ = {isa = PBXBuildFile; fileRef = DB6A4D0F212F9A1B00323085 /* Category.swift */; };
/* End PBXBuildFile section */

/* Begin PBXFileReference section */
		1D4C7923A7D60B735E5FDF8A /* Pods_Todoey.framework */ = {isa = PBXFileReference; explicitFileType = wrapper.framework; includeInIndex = 0; path = Pods_Todoey.framework; sourceTree = BUILT_PRODUCTS_DIR; };
		B6A56749C76726E45EC5D0AF /* Pods-Todoey.release.xcconfig */ = {isa = PBXFileReference; includeInIndex = 1; lastKnownFileType = text.xcconfig; name = "Pods-Todoey.release.xcconfig"; path = "Pods/Target Support Files/Pods-Todoey/Pods-Todoey.release.xcconfig"; sourceTree = "<group>"; };
		DB50F02821286DA100AC5D4D /* Todoey.app */ = {isa = PBXFileReference; explicitFileType = wrapper.application; includeInIndex = 0; path = Todoey.app; sourceTree = BUILT_PRODUCTS_DIR; };
		DB50F02B21286DA100AC5D4D /* AppDelegate.swift */ = {isa = PBXFileReference; lastKnownFileType = sourcecode.swift; path = AppDelegate.swift; sourceTree = "<group>"; };
		DB50F02D21286DA100AC5D4D /* TodoListViewController.swift */ = {isa = PBXFileReference; lastKnownFileType = sourcecode.swift; path = TodoListViewController.swift; sourceTree = "<group>"; };
		DB50F03021286DA100AC5D4D /* Base */ = {isa = PBXFileReference; lastKnownFileType = file.storyboard; name = Base; path = Base.lproj/Main.storyboard; sourceTree = "<group>"; };
		DB50F03221286DA100AC5D4D /* Assets.xcassets */ = {isa = PBXFileReference; lastKnownFileType = folder.assetcatalog; path = Assets.xcassets; sourceTree = "<group>"; };
		DB50F03521286DA100AC5D4D /* Base */ = {isa = PBXFileReference; lastKnownFileType = file.storyboard; name = Base; path = Base.lproj/LaunchScreen.storyboard; sourceTree = "<group>"; };
		DB50F03721286DA100AC5D4D /* Info.plist */ = {isa = PBXFileReference; lastKnownFileType = text.plist.xml; path = Info.plist; sourceTree = "<group>"; };
		DB50F06D212A25E800AC5D4D /* CategoryViewController.swift */ = {isa = PBXFileReference; fileEncoding = 4; lastKnownFileType = sourcecode.swift; path = CategoryViewController.swift; sourceTree = "<group>"; };
		DB6A4D0D212F9A0F00323085 /* Item.swift */ = {isa = PBXFileReference; lastKnownFileType = sourcecode.swift; path = Item.swift; sourceTree = "<group>"; };
		DB6A4D0F212F9A1B00323085 /* Category.swift */ = {isa = PBXFileReference; lastKnownFileType = sourcecode.swift; path = Category.swift; sourceTree = "<group>"; };
		E681C83A5E14B2749931C3E7 /* Pods-Todoey.debug.xcconfig */ = {isa = PBXFileReference; includeInIndex = 1; lastKnownFileType = text.xcconfig; name = "Pods-Todoey.debug.xcconfig"; path = "Pods/Target Support Files/Pods-Todoey/Pods-Todoey.debug.xcconfig"; sourceTree = "<group>"; };
/* End PBXFileReference section */

/* Begin PBXFrameworksBuildPhase section */
		DB50F02521286DA100AC5D4D /* Frameworks */ = {
			isa = PBXFrameworksBuildPhase;
			buildActionMask = 2147483647;
			files = (
				8CE35B161447C94149696AB4 /* Pods_Todoey.framework in Frameworks */,
			);
			runOnlyForDeploymentPostprocessing = 0;
		};
/* End PBXFrameworksBuildPhase section */

/* Begin PBXGroup section */
		148F7D35F4F2528D061F09A5 /* Pods */ = {
			isa = PBXGroup;
			children = (
				E681C83A5E14B2749931C3E7 /* Pods-Todoey.debug.xcconfig */,
				B6A56749C76726E45EC5D0AF /* Pods-Todoey.release.xcconfig */,
			);
			name = Pods;
			sourceTree = "<group>";
		};
		7F190887C2562FFBDE535EB7 /* Frameworks */ = {
			isa = PBXGroup;
			children = (
				1D4C7923A7D60B735E5FDF8A /* Pods_Todoey.framework */,
			);
			name = Frameworks;
			sourceTree = "<group>";
		};
		DB50F01F21286DA000AC5D4D = {
			isa = PBXGroup;
			children = (
				DB50F02A21286DA100AC5D4D /* Todoey */,
				DB50F02921286DA100AC5D4D /* Products */,
				148F7D35F4F2528D061F09A5 /* Pods */,
				7F190887C2562FFBDE535EB7 /* Frameworks */,
			);
			sourceTree = "<group>";
		};
		DB50F02921286DA100AC5D4D /* Products */ = {
			isa = PBXGroup;
			children = (
				DB50F02821286DA100AC5D4D /* Todoey.app */,
			);
			name = Products;
			sourceTree = "<group>";
		};
		DB50F02A21286DA100AC5D4D /* Todoey */ = {
			isa = PBXGroup;
			children = (
				DB50F02B21286DA100AC5D4D /* AppDelegate.swift */,
				DB50F044212980F400AC5D4D /* Controllers */,
				DB50F03F21297F9700AC5D4D /* Data Model */,
				DB50F04121297FD700AC5D4D /* Views */,
				DB50F03221286DA100AC5D4D /* Assets.xcassets */,
				DB50F03421286DA100AC5D4D /* LaunchScreen.storyboard */,
				DB50F03721286DA100AC5D4D /* Info.plist */,
			);
			path = Todoey;
			sourceTree = "<group>";
		};
		DB50F03F21297F9700AC5D4D /* Data Model */ = {
			isa = PBXGroup;
			children = (
				DB6A4D0D212F9A0F00323085 /* Item.swift */,
				DB6A4D0F212F9A1B00323085 /* Category.swift */,
			);
			path = "Data Model";
			sourceTree = "<group>";
		};
		DB50F04121297FD700AC5D4D /* Views */ = {
			isa = PBXGroup;
			children = (
				DB50F02F21286DA100AC5D4D /* Main.storyboard */,
			);
			path = Views;
			sourceTree = "<group>";
		};
		DB50F044212980F400AC5D4D /* Controllers */ = {
			isa = PBXGroup;
			children = (
				DB50F06D212A25E800AC5D4D /* CategoryViewController.swift */,
				DB50F02D21286DA100AC5D4D /* TodoListViewController.swift */,
			);
			path = Controllers;
			sourceTree = "<group>";
		};
/* End PBXGroup section */

/* Begin PBXNativeTarget section */
		DB50F02721286DA100AC5D4D /* Todoey */ = {
			isa = PBXNativeTarget;
			buildConfigurationList = DB50F03A21286DA100AC5D4D /* Build configuration list for PBXNativeTarget "Todoey" */;
			buildPhases = (
				69640537C2CF1286FD7281CA /* [CP] Check Pods Manifest.lock */,
				DB50F02421286DA100AC5D4D /* Sources */,
				DB50F02521286DA100AC5D4D /* Frameworks */,
				DB50F02621286DA100AC5D4D /* Resources */,
				1540177185CB02DEED1A77D6 /* [CP] Embed Pods Frameworks */,
			);
			buildRules = (
			);
			dependencies = (
			);
			name = Todoey;
			productName = Todoey;
			productReference = DB50F02821286DA100AC5D4D /* Todoey.app */;
			productType = "com.apple.product-type.application";
		};
/* End PBXNativeTarget section */

/* Begin PBXProject section */
		DB50F02021286DA000AC5D4D /* Project object */ = {
			isa = PBXProject;
			attributes = {
				LastSwiftUpdateCheck = 0920;
				LastUpgradeCheck = 0920;
				ORGANIZATIONNAME = "Sarju Mulmi";
				TargetAttributes = {
					DB50F02721286DA100AC5D4D = {
						CreatedOnToolsVersion = 9.2;
						ProvisioningStyle = Automatic;
					};
				};
			};
			buildConfigurationList = DB50F02321286DA000AC5D4D /* Build configuration list for PBXProject "Todoey" */;
			compatibilityVersion = "Xcode 8.0";
			developmentRegion = en;
			hasScannedForEncodings = 0;
			knownRegions = (
				en,
				Base,
			);
			mainGroup = DB50F01F21286DA000AC5D4D;
			productRefGroup = DB50F02921286DA100AC5D4D /* Products */;
			projectDirPath = "";
			projectRoot = "";
			targets = (
				DB50F02721286DA100AC5D4D /* Todoey */,
			);
		};
/* End PBXProject section */

/* Begin PBXResourcesBuildPhase section */
		DB50F02621286DA100AC5D4D /* Resources */ = {
			isa = PBXResourcesBuildPhase;
			buildActionMask = 2147483647;
			files = (
				DB50F03621286DA100AC5D4D /* LaunchScreen.storyboard in Resources */,
				DB50F03321286DA100AC5D4D /* Assets.xcassets in Resources */,
				DB50F03121286DA100AC5D4D /* Main.storyboard in Resources */,
			);
			runOnlyForDeploymentPostprocessing = 0;
		};
/* End PBXResourcesBuildPhase section */

/* Begin PBXShellScriptBuildPhase section */
		1540177185CB02DEED1A77D6 /* [CP] Embed Pods Frameworks */ = {
			isa = PBXShellScriptBuildPhase;
			buildActionMask = 2147483647;
			files = (
			);
			inputPaths = (
				"${SRCROOT}/Pods/Target Support Files/Pods-Todoey/Pods-Todoey-frameworks.sh",
				"${BUILT_PRODUCTS_DIR}/Realm/Realm.framework",
				"${BUILT_PRODUCTS_DIR}/RealmSwift/RealmSwift.framework",
			);
			name = "[CP] Embed Pods Frameworks";
			outputPaths = (
				"${TARGET_BUILD_DIR}/${FRAMEWORKS_FOLDER_PATH}/Realm.framework",
				"${TARGET_BUILD_DIR}/${FRAMEWORKS_FOLDER_PATH}/RealmSwift.framework",
			);
			runOnlyForDeploymentPostprocessing = 0;
			shellPath = /bin/sh;
			shellScript = "\"${SRCROOT}/Pods/Target Support Files/Pods-Todoey/Pods-Todoey-frameworks.sh\"\n";
			showEnvVarsInLog = 0;
		};
		69640537C2CF1286FD7281CA /* [CP] Check Pods Manifest.lock */ = {
			isa = PBXShellScriptBuildPhase;
			buildActionMask = 2147483647;
			files = (
			);
			inputPaths = (
				"${PODS_PODFILE_DIR_PATH}/Podfile.lock",
				"${PODS_ROOT}/Manifest.lock",
			);
			name = "[CP] Check Pods Manifest.lock";
			outputPaths = (
				"$(DERIVED_FILE_DIR)/Pods-Todoey-checkManifestLockResult.txt",
			);
			runOnlyForDeploymentPostprocessing = 0;
			shellPath = /bin/sh;
			shellScript = "diff \"${PODS_PODFILE_DIR_PATH}/Podfile.lock\" \"${PODS_ROOT}/Manifest.lock\" > /dev/null\nif [ $? != 0 ] ; then\n    # print error to STDERR\n    echo \"error: The sandbox is not in sync with the Podfile.lock. Run 'pod install' or update your CocoaPods installation.\" >&2\n    exit 1\nfi\n# This output is used by Xcode 'outputs' to avoid re-running this script phase.\necho \"SUCCESS\" > \"${SCRIPT_OUTPUT_FILE_0}\"\n";
			showEnvVarsInLog = 0;
		};
/* End PBXShellScriptBuildPhase section */

/* Begin PBXSourcesBuildPhase section */
		DB50F02421286DA100AC5D4D /* Sources */ = {
			isa = PBXSourcesBuildPhase;
			buildActionMask = 2147483647;
			files = (
				DB6A4D0E212F9A0F00323085 /* Item.swift in Sources */,
				DB50F06E212A25E900AC5D4D /* CategoryViewController.swift in Sources */,
				DB50F02E21286DA100AC5D4D /* TodoListViewController.swift in Sources */,
				DB50F02C21286DA100AC5D4D /* AppDelegate.swift in Sources */,
				DB6A4D10212F9A1B00323085 /* Category.swift in Sources */,
			);
			runOnlyForDeploymentPostprocessing = 0;
		};
/* End PBXSourcesBuildPhase section */

/* Begin PBXVariantGroup section */
		DB50F02F21286DA100AC5D4D /* Main.storyboard */ = {
			isa = PBXVariantGroup;
			children = (
				DB50F03021286DA100AC5D4D /* Base */,
			);
			name = Main.storyboard;
			sourceTree = "<group>";
		};
		DB50F03421286DA100AC5D4D /* LaunchScreen.storyboard */ = {
			isa = PBXVariantGroup;
			children = (
				DB50F03521286DA100AC5D4D /* Base */,
			);
			name = LaunchScreen.storyboard;
			sourceTree = "<group>";
		};
/* End PBXVariantGroup section */

/* Begin XCBuildConfiguration section */
		DB50F03821286DA100AC5D4D /* Debug */ = {
			isa = XCBuildConfiguration;
			buildSettings = {
				ALWAYS_SEARCH_USER_PATHS = NO;
				CLANG_ANALYZER_NONNULL = YES;
				CLANG_ANALYZER_NUMBER_OBJECT_CONVERSION = YES_AGGRESSIVE;
				CLANG_CXX_LANGUAGE_STANDARD = "gnu++14";
				CLANG_CXX_LIBRARY = "libc++";
				CLANG_ENABLE_MODULES = YES;
				CLANG_ENABLE_OBJC_ARC = YES;
				CLANG_WARN_BLOCK_CAPTURE_AUTORELEASING = YES;
				CLANG_WARN_BOOL_CONVERSION = YES;
				CLANG_WARN_COMMA = YES;
				CLANG_WARN_CONSTANT_CONVERSION = YES;
				CLANG_WARN_DIRECT_OBJC_ISA_USAGE = YES_ERROR;
				CLANG_WARN_DOCUMENTATION_COMMENTS = YES;
				CLANG_WARN_EMPTY_BODY = YES;
				CLANG_WARN_ENUM_CONVERSION = YES;
				CLANG_WARN_INFINITE_RECURSION = YES;
				CLANG_WARN_INT_CONVERSION = YES;
				CLANG_WARN_NON_LITERAL_NULL_CONVERSION = YES;
				CLANG_WARN_OBJC_LITERAL_CONVERSION = YES;
				CLANG_WARN_OBJC_ROOT_CLASS = YES_ERROR;
				CLANG_WARN_RANGE_LOOP_ANALYSIS = YES;
				CLANG_WARN_STRICT_PROTOTYPES = YES;
				CLANG_WARN_SUSPICIOUS_MOVE = YES;
				CLANG_WARN_UNGUARDED_AVAILABILITY = YES_AGGRESSIVE;
				CLANG_WARN_UNREACHABLE_CODE = YES;
				CLANG_WARN__DUPLICATE_METHOD_MATCH = YES;
				CODE_SIGN_IDENTITY = "iPhone Developer";
				COPY_PHASE_STRIP = NO;
				DEBUG_INFORMATION_FORMAT = dwarf;
				ENABLE_STRICT_OBJC_MSGSEND = YES;
				ENABLE_TESTABILITY = YES;
				GCC_C_LANGUAGE_STANDARD = gnu11;
				GCC_DYNAMIC_NO_PIC = NO;
				GCC_NO_COMMON_BLOCKS = YES;
				GCC_OPTIMIZATION_LEVEL = 0;
				GCC_PREPROCESSOR_DEFINITIONS = (
					"DEBUG=1",
					"$(inherited)",
				);
				GCC_WARN_64_TO_32_BIT_CONVERSION = YES;
				GCC_WARN_ABOUT_RETURN_TYPE = YES_ERROR;
				GCC_WARN_UNDECLARED_SELECTOR = YES;
				GCC_WARN_UNINITIALIZED_AUTOS = YES_AGGRESSIVE;
				GCC_WARN_UNUSED_FUNCTION = YES;
				GCC_WARN_UNUSED_VARIABLE = YES;
				IPHONEOS_DEPLOYMENT_TARGET = 11.2;
				MTL_ENABLE_DEBUG_INFO = YES;
				ONLY_ACTIVE_ARCH = YES;
				SDKROOT = iphoneos;
				SWIFT_ACTIVE_COMPILATION_CONDITIONS = DEBUG;
				SWIFT_OPTIMIZATION_LEVEL = "-Onone";
			};
			name = Debug;
		};
		DB50F03921286DA100AC5D4D /* Release */ = {
			isa = XCBuildConfiguration;
			buildSettings = {
				ALWAYS_SEARCH_USER_PATHS = NO;
				CLANG_ANALYZER_NONNULL = YES;
				CLANG_ANALYZER_NUMBER_OBJECT_CONVERSION = YES_AGGRESSIVE;
				CLANG_CXX_LANGUAGE_STANDARD = "gnu++14";
				CLANG_CXX_LIBRARY = "libc++";
				CLANG_ENABLE_MODULES = YES;
				CLANG_ENABLE_OBJC_ARC = YES;
				CLANG_WARN_BLOCK_CAPTURE_AUTORELEASING = YES;
				CLANG_WARN_BOOL_CONVERSION = YES;
				CLANG_WARN_COMMA = YES;
				CLANG_WARN_CONSTANT_CONVERSION = YES;
				CLANG_WARN_DIRECT_OBJC_ISA_USAGE = YES_ERROR;
				CLANG_WARN_DOCUMENTATION_COMMENTS = YES;
				CLANG_WARN_EMPTY_BODY = YES;
				CLANG_WARN_ENUM_CONVERSION = YES;
				CLANG_WARN_INFINITE_RECURSION = YES;
				CLANG_WARN_INT_CONVERSION = YES;
				CLANG_WARN_NON_LITERAL_NULL_CONVERSION = YES;
				CLANG_WARN_OBJC_LITERAL_CONVERSION = YES;
				CLANG_WARN_OBJC_ROOT_CLASS = YES_ERROR;
				CLANG_WARN_RANGE_LOOP_ANALYSIS = YES;
				CLANG_WARN_STRICT_PROTOTYPES = YES;
				CLANG_WARN_SUSPICIOUS_MOVE = YES;
				CLANG_WARN_UNGUARDED_AVAILABILITY = YES_AGGRESSIVE;
				CLANG_WARN_UNREACHABLE_CODE = YES;
				CLANG_WARN__DUPLICATE_METHOD_MATCH = YES;
				CODE_SIGN_IDENTITY = "iPhone Developer";
				COPY_PHASE_STRIP = NO;
				DEBUG_INFORMATION_FORMAT = "dwarf-with-dsym";
				ENABLE_NS_ASSERTIONS = NO;
				ENABLE_STRICT_OBJC_MSGSEND = YES;
				GCC_C_LANGUAGE_STANDARD = gnu11;
				GCC_NO_COMMON_BLOCKS = YES;
				GCC_WARN_64_TO_32_BIT_CONVERSION = YES;
				GCC_WARN_ABOUT_RETURN_TYPE = YES_ERROR;
				GCC_WARN_UNDECLARED_SELECTOR = YES;
				GCC_WARN_UNINITIALIZED_AUTOS = YES_AGGRESSIVE;
				GCC_WARN_UNUSED_FUNCTION = YES;
				GCC_WARN_UNUSED_VARIABLE = YES;
				IPHONEOS_DEPLOYMENT_TARGET = 11.2;
				MTL_ENABLE_DEBUG_INFO = NO;
				SDKROOT = iphoneos;
				SWIFT_OPTIMIZATION_LEVEL = "-Owholemodule";
				VALIDATE_PRODUCT = YES;
			};
			name = Release;
		};
		DB50F03B21286DA100AC5D4D /* Debug */ = {
			isa = XCBuildConfiguration;
			baseConfigurationReference = E681C83A5E14B2749931C3E7 /* Pods-Todoey.debug.xcconfig */;
			buildSettings = {
				ASSETCATALOG_COMPILER_APPICON_NAME = AppIcon;
				CODE_SIGN_STYLE = Automatic;
				DEVELOPMENT_TEAM = 4Z8HNSRDFM;
				INFOPLIST_FILE = Todoey/Info.plist;
				LD_RUNPATH_SEARCH_PATHS = "$(inherited) @executable_path/Frameworks";
				PRODUCT_BUNDLE_IDENTIFIER = com.oracle.sarju.Todoey;
				PRODUCT_NAME = "$(TARGET_NAME)";
				SWIFT_VERSION = 4.0;
				TARGETED_DEVICE_FAMILY = "1,2";
			};
			name = Debug;
		};
		DB50F03C21286DA100AC5D4D /* Release */ = {
			isa = XCBuildConfiguration;
			baseConfigurationReference = B6A56749C76726E45EC5D0AF /* Pods-Todoey.release.xcconfig */;
			buildSettings = {
				ASSETCATALOG_COMPILER_APPICON_NAME = AppIcon;
				CODE_SIGN_STYLE = Automatic;
				DEVELOPMENT_TEAM = 4Z8HNSRDFM;
				INFOPLIST_FILE = Todoey/Info.plist;
				LD_RUNPATH_SEARCH_PATHS = "$(inherited) @executable_path/Frameworks";
				PRODUCT_BUNDLE_IDENTIFIER = com.oracle.sarju.Todoey;
				PRODUCT_NAME = "$(TARGET_NAME)";
				SWIFT_VERSION = 4.0;
				TARGETED_DEVICE_FAMILY = "1,2";
			};
			name = Release;
		};
/* End XCBuildConfiguration section */

/* Begin XCConfigurationList section */
		DB50F02321286DA000AC5D4D /* Build configuration list for PBXProject "Todoey" */ = {
			isa = XCConfigurationList;
			buildConfigurations = (
				DB50F03821286DA100AC5D4D /* Debug */,
				DB50F03921286DA100AC5D4D /* Release */,
			);
			defaultConfigurationIsVisible = 0;
			defaultConfigurationName = Release;
		};
		DB50F03A21286DA100AC5D4D /* Build configuration list for PBXNativeTarget "Todoey" */ = {
			isa = XCConfigurationList;
			buildConfigurations = (
				DB50F03B21286DA100AC5D4D /* Debug */,
				DB50F03C21286DA100AC5D4D /* Release */,
			);
			defaultConfigurationIsVisible = 0;
			defaultConfigurationName = Release;
		};
/* End XCConfigurationList section */
	};
	rootObject = DB50F02021286DA000AC5D4D /* Project object */;
}
